
Microsoft Visual Studio Solution File, Format Version 11.00
# Visual Studio 2010
Project("{2150E333-8FDC-42A3-9474-1A3956D46DE8}") = "Solution Items", "Solution Items", "{97F60831-6E03-4DB1-8135-4F8DF7679645}"
	ProjectSection(SolutionItems) = preProject
		FileHeader.snippet = FileHeader.snippet
		FxCopDictionary.xml = FxCopDictionary.xml
		IDisposable.snippet = IDisposable.snippet
		3th Party Libs\LICENSE-2.0.txt = 3th Party Libs\LICENSE-2.0.txt
		LocalTestRun.testrunconfig = LocalTestRun.testrunconfig
		TomsCodeHeap1.vsmdi = TomsCodeHeap1.vsmdi
		TomsCodeHeap\TomsRuleset.ruleset = TomsCodeHeap\TomsRuleset.ruleset
	EndProjectSection
EndProject
Project("{FAE04EC0-301F-11D3-BF4B-00C04F79EFBC}") = "TomsCodeHeap", "TomsCodeHeap\TomsCodeHeap.csproj", "{109A8D24-D00F-4D41-B668-F6222CF56D50}"
EndProject
Project("{FAE04EC0-301F-11D3-BF4B-00C04F79EFBC}") = "TomsCodeHeapTesting", "TomsCodeHeapTesting\TomsCodeHeapTesting.csproj", "{44CB2594-7F31-45DC-ADB4-274861DDD24C}"
EndProject
Global
	GlobalSection(SubversionScc) = preSolution
		Svn-Managed = True
		Manager = AnkhSVN - Subversion Support for Visual Studio
	EndGlobalSection
	GlobalSection(TestCaseManagementSettings) = postSolution
		CategoryFile = TomsCodeHeap1.vsmdi
	EndGlobalSection
	GlobalSection(SolutionConfigurationPlatforms) = preSolution
		Debug|Any CPU = Debug|Any CPU
		Release|Any CPU = Release|Any CPU
	EndGlobalSection
	GlobalSection(ProjectConfigurationPlatforms) = postSolution
		{109A8D24-D00F-4D41-B668-F6222CF56D50}.Debug|Any CPU.ActiveCfg = Debug|Any CPU
		{109A8D24-D00F-4D41-B668-F6222CF56D50}.Debug|Any CPU.Build.0 = Debug|Any CPU
		{109A8D24-D00F-4D41-B668-F6222CF56D50}.Release|Any CPU.ActiveCfg = Release|Any CPU
		{109A8D24-D00F-4D41-B668-F6222CF56D50}.Release|Any CPU.Build.0 = Release|Any CPU
		{44CB2594-7F31-45DC-ADB4-274861DDD24C}.Debug|Any CPU.ActiveCfg = Debug|Any CPU
		{44CB2594-7F31-45DC-ADB4-274861DDD24C}.Debug|Any CPU.Build.0 = Debug|Any CPU
		{44CB2594-7F31-45DC-ADB4-274861DDD24C}.Release|Any CPU.ActiveCfg = Release|Any CPU
		{44CB2594-7F31-45DC-ADB4-274861DDD24C}.Release|Any CPU.Build.0 = Release|Any CPU
	EndGlobalSection
	GlobalSection(SolutionProperties) = preSolution
		HideSolutionNode = FALSE
	EndGlobalSection
	GlobalSection(MonoDevelopProperties) = preSolution
		StartupItem = TomsCodeHeap\TomsCodeHeap.csproj
		Policies = $0
		$0.TextStylePolicy = $1
		$1.RemoveTrailingWhitespace = True
		$1.inheritsSet = VisualStudio
		$1.inheritsScope = text/plain
		$1.scope = text/x-csharp
		$0.CSharpFormattingPolicy = $2
		$2.inheritsSet = Mono
		$2.inheritsScope = text/x-csharp
		$2.scope = text/x-csharp
		$0.TextStylePolicy = $3
		$3.FileWidth = 120
		$3.TabWidth = 4
		$3.inheritsSet = Mono
		$3.inheritsScope = text/plain
		$3.scope = text/plain
		$0.TextStylePolicy = $4
		$4.inheritsSet = null
		$4.scope = application/xml
		$0.XmlFormattingPolicy = $5
		$5.inheritsSet = Mono
		$5.inheritsScope = application/xml
		$5.scope = application/xml
		$0.StandardHeader = $6
		$6.inheritsSet = Apache2License
		$0.VersionControlPolicy = $7
		$7.CommitMessageStyle = $8
		$8.LastFilePostfix = "@:\n  "
		$7.inheritsSet = Mono
		$0.ChangeLogPolicy = $9
		$9.MessageStyle = $10
		$10.Indent = 
		$10.LastFilePostfix = @:\n
		$10.LineAlign = 0
		$9.inheritsSet = Mono
		version = 0.3
	EndGlobalSection
EndGlobal
